
Microsoft Visual Studio Solution File, Format Version 12.00
# Visual Studio 14
VisualStudioVersion = 14.0.25420.1
MinimumVisualStudioVersion = 10.0.40219.1
Project("{FAE04EC0-301F-11D3-BF4B-00C04F79EFBC}") = "1", "1\1.csproj", "{2E00A6D0-634C-4E9A-91E1-F293BC855972}"
EndProject
Project("{FAE04EC0-301F-11D3-BF4B-00C04F79EFBC}") = "2", "2\2.csproj", "{A6602064-6AD6-43C3-A672-A924975F46DF}"
EndProject
Project("{FAE04EC0-301F-11D3-BF4B-00C04F79EFBC}") = "3", "3\3.csproj", "{066E24A9-67AA-4D89-BED5-24C601748C23}"
EndProject
Project("{FAE04EC0-301F-11D3-BF4B-00C04F79EFBC}") = "4", "4\4.csproj", "{1C6DD427-70F1-4250-9A96-53F7C209C9F8}"
EndProject
Project("{FAE04EC0-301F-11D3-BF4B-00C04F79EFBC}") = "5", "5\5.csproj", "{82644F22-37A8-49FE-A323-1A80FA2B4C85}"
EndProject
Project("{FAE04EC0-301F-11D3-BF4B-00C04F79EFBC}") = "6", "6\6.csproj", "{E045E86B-B63E-4AC8-B9E9-1A7BA568BD02}"
EndProject
Project("{FAE04EC0-301F-11D3-BF4B-00C04F79EFBC}") = "7", "7\7.csproj", "{1AE4D6BB-EB41-47A8-BD93-72F056B6B563}"
EndProject
Project("{FAE04EC0-301F-11D3-BF4B-00C04F79EFBC}") = "8", "8\8.csproj", "{78B42F5E-2763-4740-A18B-59363061D8F8}"
EndProject
Project("{FAE04EC0-301F-11D3-BF4B-00C04F79EFBC}") = "9", "9\9.csproj", "{11919B67-8F5D-4B45-92EB-7834013B8128}"
EndProject
Project("{FAE04EC0-301F-11D3-BF4B-00C04F79EFBC}") = "10", "10\10.csproj", "{A8159E2D-BC60-4982-8716-4D1B0B94351C}"
EndProject
Project("{FAE04EC0-301F-11D3-BF4B-00C04F79EFBC}") = "11", "11\11.csproj", "{80202A8E-322C-4041-AE64-DEBD5AC51D36}"
EndProject
Project("{FAE04EC0-301F-11D3-BF4B-00C04F79EFBC}") = "12", "12\12.csproj", "{46AC6982-2B9A-40BA-833F-B6BB5F3B298C}"
EndProject
Project("{FAE04EC0-301F-11D3-BF4B-00C04F79EFBC}") = "13", "13\13.csproj", "{CF0635B7-1AE7-4392-98CD-0904C57302B2}"
EndProject
Project("{FAE04EC0-301F-11D3-BF4B-00C04F79EFBC}") = "14", "14\14.csproj", "{D2A0C067-DC9E-40AA-ABC9-C903225CD4EE}"
EndProject
Project("{FAE04EC0-301F-11D3-BF4B-00C04F79EFBC}") = "15", "15\15.csproj", "{3078F157-494E-4FDA-B672-2663B06C3349}"
EndProject
Project("{FAE04EC0-301F-11D3-BF4B-00C04F79EFBC}") = "16", "16\16.csproj", "{F58AF0BE-54B4-4AC1-B354-57C96CC4A4E0}"
EndProject
Project("{FAE04EC0-301F-11D3-BF4B-00C04F79EFBC}") = "17", "17\17.csproj", "{973CFC8D-AB2E-4578-9515-69DE1B59C751}"
EndProject
Project("{FAE04EC0-301F-11D3-BF4B-00C04F79EFBC}") = "18", "18\18.csproj", "{F9D9466C-B65A-4DFD-B36E-2964596D989D}"
EndProject
Project("{FAE04EC0-301F-11D3-BF4B-00C04F79EFBC}") = "19", "19\19.csproj", "{6DF049C5-1420-4611-A04C-AFC4E351247B}"
EndProject
Project("{FAE04EC0-301F-11D3-BF4B-00C04F79EFBC}") = "20", "20\20.csproj", "{5914CE0D-DBBE-4DC0-9DA0-8C8BD4C3E7F5}"
EndProject
Project("{FAE04EC0-301F-11D3-BF4B-00C04F79EFBC}") = "21", "21\21.csproj", "{ED0780C3-B521-4905-B18B-68191C6DBB4E}"
EndProject
Project("{FAE04EC0-301F-11D3-BF4B-00C04F79EFBC}") = "22", "22\22.csproj", "{B69D6D79-A0B5-4BA4-8CF7-4825EBBE5433}"
EndProject
Project("{FAE04EC0-301F-11D3-BF4B-00C04F79EFBC}") = "23", "23\23.csproj", "{78482641-81FD-4D18-BFBC-205DD3B042BA}"
EndProject
Project("{FAE04EC0-301F-11D3-BF4B-00C04F79EFBC}") = "24", "24\24.csproj", "{317D3A44-728C-4167-B64C-7CEDF202D93C}"
EndProject
Project("{FAE04EC0-301F-11D3-BF4B-00C04F79EFBC}") = "25", "25\25.csproj", "{370C3657-193B-422B-9F90-964BFB2656CF}"
EndProject
Global
	GlobalSection(SolutionConfigurationPlatforms) = preSolution
		Debug|Any CPU = Debug|Any CPU
		Release|Any CPU = Release|Any CPU
	EndGlobalSection
	GlobalSection(ProjectConfigurationPlatforms) = postSolution
		{2E00A6D0-634C-4E9A-91E1-F293BC855972}.Debug|Any CPU.ActiveCfg = Debug|Any CPU
		{2E00A6D0-634C-4E9A-91E1-F293BC855972}.Debug|Any CPU.Build.0 = Debug|Any CPU
		{2E00A6D0-634C-4E9A-91E1-F293BC855972}.Release|Any CPU.ActiveCfg = Release|Any CPU
		{2E00A6D0-634C-4E9A-91E1-F293BC855972}.Release|Any CPU.Build.0 = Release|Any CPU
		{A6602064-6AD6-43C3-A672-A924975F46DF}.Debug|Any CPU.ActiveCfg = Debug|Any CPU
		{A6602064-6AD6-43C3-A672-A924975F46DF}.Debug|Any CPU.Build.0 = Debug|Any CPU
		{A6602064-6AD6-43C3-A672-A924975F46DF}.Release|Any CPU.ActiveCfg = Release|Any CPU
		{A6602064-6AD6-43C3-A672-A924975F46DF}.Release|Any CPU.Build.0 = Release|Any CPU
		{066E24A9-67AA-4D89-BED5-24C601748C23}.Debug|Any CPU.ActiveCfg = Debug|Any CPU
		{066E24A9-67AA-4D89-BED5-24C601748C23}.Debug|Any CPU.Build.0 = Debug|Any CPU
		{066E24A9-67AA-4D89-BED5-24C601748C23}.Release|Any CPU.ActiveCfg = Release|Any CPU
		{066E24A9-67AA-4D89-BED5-24C601748C23}.Release|Any CPU.Build.0 = Release|Any CPU
		{1C6DD427-70F1-4250-9A96-53F7C209C9F8}.Debug|Any CPU.ActiveCfg = Debug|Any CPU
		{1C6DD427-70F1-4250-9A96-53F7C209C9F8}.Debug|Any CPU.Build.0 = Debug|Any CPU
		{1C6DD427-70F1-4250-9A96-53F7C209C9F8}.Release|Any CPU.ActiveCfg = Release|Any CPU
		{1C6DD427-70F1-4250-9A96-53F7C209C9F8}.Release|Any CPU.Build.0 = Release|Any CPU
		{82644F22-37A8-49FE-A323-1A80FA2B4C85}.Debug|Any CPU.ActiveCfg = Debug|Any CPU
		{82644F22-37A8-49FE-A323-1A80FA2B4C85}.Debug|Any CPU.Build.0 = Debug|Any CPU
		{82644F22-37A8-49FE-A323-1A80FA2B4C85}.Release|Any CPU.ActiveCfg = Release|Any CPU
		{82644F22-37A8-49FE-A323-1A80FA2B4C85}.Release|Any CPU.Build.0 = Release|Any CPU
		{E045E86B-B63E-4AC8-B9E9-1A7BA568BD02}.Debug|Any CPU.ActiveCfg = Debug|Any CPU
		{E045E86B-B63E-4AC8-B9E9-1A7BA568BD02}.Debug|Any CPU.Build.0 = Debug|Any CPU
		{E045E86B-B63E-4AC8-B9E9-1A7BA568BD02}.Release|Any CPU.ActiveCfg = Release|Any CPU
		{E045E86B-B63E-4AC8-B9E9-1A7BA568BD02}.Release|Any CPU.Build.0 = Release|Any CPU
		{1AE4D6BB-EB41-47A8-BD93-72F056B6B563}.Debug|Any CPU.ActiveCfg = Debug|Any CPU
		{1AE4D6BB-EB41-47A8-BD93-72F056B6B563}.Debug|Any CPU.Build.0 = Debug|Any CPU
		{1AE4D6BB-EB41-47A8-BD93-72F056B6B563}.Release|Any CPU.ActiveCfg = Release|Any CPU
		{1AE4D6BB-EB41-47A8-BD93-72F056B6B563}.Release|Any CPU.Build.0 = Release|Any CPU
		{78B42F5E-2763-4740-A18B-59363061D8F8}.Debug|Any CPU.ActiveCfg = Debug|Any CPU
		{78B42F5E-2763-4740-A18B-59363061D8F8}.Debug|Any CPU.Build.0 = Debug|Any CPU
		{78B42F5E-2763-4740-A18B-59363061D8F8}.Release|Any CPU.ActiveCfg = Release|Any CPU
		{78B42F5E-2763-4740-A18B-59363061D8F8}.Release|Any CPU.Build.0 = Release|Any CPU
		{11919B67-8F5D-4B45-92EB-7834013B8128}.Debug|Any CPU.ActiveCfg = Debug|Any CPU
		{11919B67-8F5D-4B45-92EB-7834013B8128}.Debug|Any CPU.Build.0 = Debug|Any CPU
		{11919B67-8F5D-4B45-92EB-7834013B8128}.Release|Any CPU.ActiveCfg = Release|Any CPU
		{11919B67-8F5D-4B45-92EB-7834013B8128}.Release|Any CPU.Build.0 = Release|Any CPU
		{A8159E2D-BC60-4982-8716-4D1B0B94351C}.Debug|Any CPU.ActiveCfg = Debug|Any CPU
		{A8159E2D-BC60-4982-8716-4D1B0B94351C}.Debug|Any CPU.Build.0 = Debug|Any CPU
		{A8159E2D-BC60-4982-8716-4D1B0B94351C}.Release|Any CPU.ActiveCfg = Release|Any CPU
		{A8159E2D-BC60-4982-8716-4D1B0B94351C}.Release|Any CPU.Build.0 = Release|Any CPU
		{80202A8E-322C-4041-AE64-DEBD5AC51D36}.Debug|Any CPU.ActiveCfg = Debug|Any CPU
		{80202A8E-322C-4041-AE64-DEBD5AC51D36}.Debug|Any CPU.Build.0 = Debug|Any CPU
		{80202A8E-322C-4041-AE64-DEBD5AC51D36}.Release|Any CPU.ActiveCfg = Release|Any CPU
		{80202A8E-322C-4041-AE64-DEBD5AC51D36}.Release|Any CPU.Build.0 = Release|Any CPU
		{46AC6982-2B9A-40BA-833F-B6BB5F3B298C}.Debug|Any CPU.ActiveCfg = Debug|Any CPU
		{46AC6982-2B9A-40BA-833F-B6BB5F3B298C}.Debug|Any CPU.Build.0 = Debug|Any CPU
		{46AC6982-2B9A-40BA-833F-B6BB5F3B298C}.Release|Any CPU.ActiveCfg = Release|Any CPU
		{46AC6982-2B9A-40BA-833F-B6BB5F3B298C}.Release|Any CPU.Build.0 = Release|Any CPU
		{CF0635B7-1AE7-4392-98CD-0904C57302B2}.Debug|Any CPU.ActiveCfg = Debug|Any CPU
		{CF0635B7-1AE7-4392-98CD-0904C57302B2}.Debug|Any CPU.Build.0 = Debug|Any CPU
		{CF0635B7-1AE7-4392-98CD-0904C57302B2}.Release|Any CPU.ActiveCfg = Release|Any CPU
		{CF0635B7-1AE7-4392-98CD-0904C57302B2}.Release|Any CPU.Build.0 = Release|Any CPU
		{D2A0C067-DC9E-40AA-ABC9-C903225CD4EE}.Debug|Any CPU.ActiveCfg = Debug|Any CPU
		{D2A0C067-DC9E-40AA-ABC9-C903225CD4EE}.Debug|Any CPU.Build.0 = Debug|Any CPU
		{D2A0C067-DC9E-40AA-ABC9-C903225CD4EE}.Release|Any CPU.ActiveCfg = Release|Any CPU
		{D2A0C067-DC9E-40AA-ABC9-C903225CD4EE}.Release|Any CPU.Build.0 = Release|Any CPU
		{3078F157-494E-4FDA-B672-2663B06C3349}.Debug|Any CPU.ActiveCfg = Debug|Any CPU
		{3078F157-494E-4FDA-B672-2663B06C3349}.Debug|Any CPU.Build.0 = Debug|Any CPU
		{3078F157-494E-4FDA-B672-2663B06C3349}.Release|Any CPU.ActiveCfg = Release|Any CPU
		{3078F157-494E-4FDA-B672-2663B06C3349}.Release|Any CPU.Build.0 = Release|Any CPU
		{F58AF0BE-54B4-4AC1-B354-57C96CC4A4E0}.Debug|Any CPU.ActiveCfg = Debug|Any CPU
		{F58AF0BE-54B4-4AC1-B354-57C96CC4A4E0}.Debug|Any CPU.Build.0 = Debug|Any CPU
		{F58AF0BE-54B4-4AC1-B354-57C96CC4A4E0}.Release|Any CPU.ActiveCfg = Release|Any CPU
		{F58AF0BE-54B4-4AC1-B354-57C96CC4A4E0}.Release|Any CPU.Build.0 = Release|Any CPU
		{973CFC8D-AB2E-4578-9515-69DE1B59C751}.Debug|Any CPU.ActiveCfg = Debug|Any CPU
		{973CFC8D-AB2E-4578-9515-69DE1B59C751}.Debug|Any CPU.Build.0 = Debug|Any CPU
		{973CFC8D-AB2E-4578-9515-69DE1B59C751}.Release|Any CPU.ActiveCfg = Release|Any CPU
		{973CFC8D-AB2E-4578-9515-69DE1B59C751}.Release|Any CPU.Build.0 = Release|Any CPU
		{F9D9466C-B65A-4DFD-B36E-2964596D989D}.Debug|Any CPU.ActiveCfg = Debug|Any CPU
		{F9D9466C-B65A-4DFD-B36E-2964596D989D}.Debug|Any CPU.Build.0 = Debug|Any CPU
		{F9D9466C-B65A-4DFD-B36E-2964596D989D}.Release|Any CPU.ActiveCfg = Release|Any CPU
		{F9D9466C-B65A-4DFD-B36E-2964596D989D}.Release|Any CPU.Build.0 = Release|Any CPU
		{6DF049C5-1420-4611-A04C-AFC4E351247B}.Debug|Any CPU.ActiveCfg = Debug|Any CPU
		{6DF049C5-1420-4611-A04C-AFC4E351247B}.Debug|Any CPU.Build.0 = Debug|Any CPU
		{6DF049C5-1420-4611-A04C-AFC4E351247B}.Release|Any CPU.ActiveCfg = Release|Any CPU
		{6DF049C5-1420-4611-A04C-AFC4E351247B}.Release|Any CPU.Build.0 = Release|Any CPU
		{5914CE0D-DBBE-4DC0-9DA0-8C8BD4C3E7F5}.Debug|Any CPU.ActiveCfg = Debug|Any CPU
		{5914CE0D-DBBE-4DC0-9DA0-8C8BD4C3E7F5}.Debug|Any CPU.Build.0 = Debug|Any CPU
		{5914CE0D-DBBE-4DC0-9DA0-8C8BD4C3E7F5}.Release|Any CPU.ActiveCfg = Release|Any CPU
		{5914CE0D-DBBE-4DC0-9DA0-8C8BD4C3E7F5}.Release|Any CPU.Build.0 = Release|Any CPU
		{ED0780C3-B521-4905-B18B-68191C6DBB4E}.Debug|Any CPU.ActiveCfg = Debug|Any CPU
		{ED0780C3-B521-4905-B18B-68191C6DBB4E}.Debug|Any CPU.Build.0 = Debug|Any CPU
		{ED0780C3-B521-4905-B18B-68191C6DBB4E}.Release|Any CPU.ActiveCfg = Release|Any CPU
		{ED0780C3-B521-4905-B18B-68191C6DBB4E}.Release|Any CPU.Build.0 = Release|Any CPU
		{B69D6D79-A0B5-4BA4-8CF7-4825EBBE5433}.Debug|Any CPU.ActiveCfg = Debug|Any CPU
		{B69D6D79-A0B5-4BA4-8CF7-4825EBBE5433}.Debug|Any CPU.Build.0 = Debug|Any CPU
		{B69D6D79-A0B5-4BA4-8CF7-4825EBBE5433}.Release|Any CPU.ActiveCfg = Release|Any CPU
		{B69D6D79-A0B5-4BA4-8CF7-4825EBBE5433}.Release|Any CPU.Build.0 = Release|Any CPU
		{78482641-81FD-4D18-BFBC-205DD3B042BA}.Debug|Any CPU.ActiveCfg = Debug|Any CPU
		{78482641-81FD-4D18-BFBC-205DD3B042BA}.Debug|Any CPU.Build.0 = Debug|Any CPU
		{78482641-81FD-4D18-BFBC-205DD3B042BA}.Release|Any CPU.ActiveCfg = Release|Any CPU
		{78482641-81FD-4D18-BFBC-205DD3B042BA}.Release|Any CPU.Build.0 = Release|Any CPU
		{317D3A44-728C-4167-B64C-7CEDF202D93C}.Debug|Any CPU.ActiveCfg = Debug|Any CPU
		{317D3A44-728C-4167-B64C-7CEDF202D93C}.Debug|Any CPU.Build.0 = Debug|Any CPU
		{317D3A44-728C-4167-B64C-7CEDF202D93C}.Release|Any CPU.ActiveCfg = Release|Any CPU
		{317D3A44-728C-4167-B64C-7CEDF202D93C}.Release|Any CPU.Build.0 = Release|Any CPU
		{370C3657-193B-422B-9F90-964BFB2656CF}.Debug|Any CPU.ActiveCfg = Debug|Any CPU
		{370C3657-193B-422B-9F90-964BFB2656CF}.Debug|Any CPU.Build.0 = Debug|Any CPU
		{370C3657-193B-422B-9F90-964BFB2656CF}.Release|Any CPU.ActiveCfg = Release|Any CPU
		{370C3657-193B-422B-9F90-964BFB2656CF}.Release|Any CPU.Build.0 = Release|Any CPU
	EndGlobalSection
	GlobalSection(SolutionProperties) = preSolution
		HideSolutionNode = FALSE
	EndGlobalSection
EndGlobal
